// !$*UTF8*$!
{
	archiveVersion = 1;
	classes = {
	};
	objectVersion = 50;
	objects = {

/* Begin PBXBuildFile section */
		15B581B7239C909D0011F47A /* AppDelegate.swift in Sources */ = {isa = PBXBuildFile; fileRef = 15B581B6239C909D0011F47A /* AppDelegate.swift */; };
		15B581B9239C909D0011F47A /* SceneDelegate.swift in Sources */ = {isa = PBXBuildFile; fileRef = 15B581B8239C909D0011F47A /* SceneDelegate.swift */; };
		15B581BB239C909D0011F47A /* ViewController.swift in Sources */ = {isa = PBXBuildFile; fileRef = 15B581BA239C909D0011F47A /* ViewController.swift */; };
		15B581BE239C909D0011F47A /* Main.storyboard in Resources */ = {isa = PBXBuildFile; fileRef = 15B581BC239C909D0011F47A /* Main.storyboard */; };
		15B581C0239C90A10011F47A /* Assets.xcassets in Resources */ = {isa = PBXBuildFile; fileRef = 15B581BF239C90A10011F47A /* Assets.xcassets */; };
		15B581C3239C90A10011F47A /* LaunchScreen.storyboard in Resources */ = {isa = PBXBuildFile; fileRef = 15B581C1239C90A10011F47A /* LaunchScreen.storyboard */; };
		15B581D4239C936D0011F47A /* PostPresenter.swift in Sources */ = {isa = PBXBuildFile; fileRef = 15B581CE239C936D0011F47A /* PostPresenter.swift */; };
		15B581D5239C936D0011F47A /* PostWorker.swift in Sources */ = {isa = PBXBuildFile; fileRef = 15B581CF239C936D0011F47A /* PostWorker.swift */; };
		15B581D6239C936D0011F47A /* PostRouter.swift in Sources */ = {isa = PBXBuildFile; fileRef = 15B581D0239C936D0011F47A /* PostRouter.swift */; };
		15B581D7239C936D0011F47A /* PostModels.swift in Sources */ = {isa = PBXBuildFile; fileRef = 15B581D1239C936D0011F47A /* PostModels.swift */; };
		15B581D8239C936D0011F47A /* PostViewController.swift in Sources */ = {isa = PBXBuildFile; fileRef = 15B581D2239C936D0011F47A /* PostViewController.swift */; };
		15B581D9239C936D0011F47A /* PostInteractor.swift in Sources */ = {isa = PBXBuildFile; fileRef = 15B581D3239C936D0011F47A /* PostInteractor.swift */; };
		15B581DF239C96A20011F47A /* NetworkManager.swift in Sources */ = {isa = PBXBuildFile; fileRef = 15B581DB239C96A20011F47A /* NetworkManager.swift */; };
		15B581E0239C96A20011F47A /* Comment.swift in Sources */ = {isa = PBXBuildFile; fileRef = 15B581DD239C96A20011F47A /* Comment.swift */; };
		15B581E1239C96A20011F47A /* Post.swift in Sources */ = {isa = PBXBuildFile; fileRef = 15B581DE239C96A20011F47A /* Post.swift */; };
		15B581E4239C9C200011F47A /* PostCell.swift in Sources */ = {isa = PBXBuildFile; fileRef = 15B581E3239C9C200011F47A /* PostCell.swift */; };
		15B581EB239CECF30011F47A /* CommentPresenter.swift in Sources */ = {isa = PBXBuildFile; fileRef = 15B581E5239CECF30011F47A /* CommentPresenter.swift */; };
		15B581EC239CECF30011F47A /* CommentWorker.swift in Sources */ = {isa = PBXBuildFile; fileRef = 15B581E6239CECF30011F47A /* CommentWorker.swift */; };
		15B581ED239CECF30011F47A /* CommentRouter.swift in Sources */ = {isa = PBXBuildFile; fileRef = 15B581E7239CECF30011F47A /* CommentRouter.swift */; };
		15B581EE239CECF30011F47A /* CommentModels.swift in Sources */ = {isa = PBXBuildFile; fileRef = 15B581E8239CECF30011F47A /* CommentModels.swift */; };
		15B581EF239CECF30011F47A /* CommentViewController.swift in Sources */ = {isa = PBXBuildFile; fileRef = 15B581E9239CECF30011F47A /* CommentViewController.swift */; };
		15B581F0239CECF30011F47A /* CommentInteractor.swift in Sources */ = {isa = PBXBuildFile; fileRef = 15B581EA239CECF30011F47A /* CommentInteractor.swift */; };
		15B581F2239D02BF0011F47A /* CommentCell.swift in Sources */ = {isa = PBXBuildFile; fileRef = 15B581F1239D02BF0011F47A /* CommentCell.swift */; };
/* End PBXBuildFile section */

/* Begin PBXFileReference section */
		15B581B3239C909D0011F47A /* CleanPosts.app */ = {isa = PBXFileReference; explicitFileType = wrapper.application; includeInIndex = 0; path = CleanPosts.app; sourceTree = BUILT_PRODUCTS_DIR; };
		15B581B6239C909D0011F47A /* AppDelegate.swift */ = {isa = PBXFileReference; lastKnownFileType = sourcecode.swift; path = AppDelegate.swift; sourceTree = "<group>"; };
		15B581B8239C909D0011F47A /* SceneDelegate.swift */ = {isa = PBXFileReference; lastKnownFileType = sourcecode.swift; path = SceneDelegate.swift; sourceTree = "<group>"; };
		15B581BA239C909D0011F47A /* ViewController.swift */ = {isa = PBXFileReference; lastKnownFileType = sourcecode.swift; path = ViewController.swift; sourceTree = "<group>"; };
		15B581BD239C909D0011F47A /* Base */ = {isa = PBXFileReference; lastKnownFileType = file.storyboard; name = Base; path = Base.lproj/Main.storyboard; sourceTree = "<group>"; };
		15B581BF239C90A10011F47A /* Assets.xcassets */ = {isa = PBXFileReference; lastKnownFileType = folder.assetcatalog; path = Assets.xcassets; sourceTree = "<group>"; };
		15B581C2239C90A10011F47A /* Base */ = {isa = PBXFileReference; lastKnownFileType = file.storyboard; name = Base; path = Base.lproj/LaunchScreen.storyboard; sourceTree = "<group>"; };
		15B581C4239C90A10011F47A /* Info.plist */ = {isa = PBXFileReference; lastKnownFileType = text.plist.xml; path = Info.plist; sourceTree = "<group>"; };
		15B581CE239C936D0011F47A /* PostPresenter.swift */ = {isa = PBXFileReference; lastKnownFileType = sourcecode.swift; path = PostPresenter.swift; sourceTree = "<group>"; };
		15B581CF239C936D0011F47A /* PostWorker.swift */ = {isa = PBXFileReference; lastKnownFileType = sourcecode.swift; path = PostWorker.swift; sourceTree = "<group>"; };
		15B581D0239C936D0011F47A /* PostRouter.swift */ = {isa = PBXFileReference; lastKnownFileType = sourcecode.swift; path = PostRouter.swift; sourceTree = "<group>"; };
		15B581D1239C936D0011F47A /* PostModels.swift */ = {isa = PBXFileReference; lastKnownFileType = sourcecode.swift; path = PostModels.swift; sourceTree = "<group>"; };
		15B581D2239C936D0011F47A /* PostViewController.swift */ = {isa = PBXFileReference; lastKnownFileType = sourcecode.swift; path = PostViewController.swift; sourceTree = "<group>"; };
		15B581D3239C936D0011F47A /* PostInteractor.swift */ = {isa = PBXFileReference; lastKnownFileType = sourcecode.swift; path = PostInteractor.swift; sourceTree = "<group>"; };
		15B581DB239C96A20011F47A /* NetworkManager.swift */ = {isa = PBXFileReference; fileEncoding = 4; lastKnownFileType = sourcecode.swift; path = NetworkManager.swift; sourceTree = "<group>"; };
		15B581DD239C96A20011F47A /* Comment.swift */ = {isa = PBXFileReference; fileEncoding = 4; lastKnownFileType = sourcecode.swift; path = Comment.swift; sourceTree = "<group>"; };
		15B581DE239C96A20011F47A /* Post.swift */ = {isa = PBXFileReference; fileEncoding = 4; lastKnownFileType = sourcecode.swift; path = Post.swift; sourceTree = "<group>"; };
		15B581E3239C9C200011F47A /* PostCell.swift */ = {isa = PBXFileReference; lastKnownFileType = sourcecode.swift; path = PostCell.swift; sourceTree = "<group>"; };
		15B581E5239CECF30011F47A /* CommentPresenter.swift */ = {isa = PBXFileReference; lastKnownFileType = sourcecode.swift; path = CommentPresenter.swift; sourceTree = "<group>"; };
		15B581E6239CECF30011F47A /* CommentWorker.swift */ = {isa = PBXFileReference; lastKnownFileType = sourcecode.swift; path = CommentWorker.swift; sourceTree = "<group>"; };
		15B581E7239CECF30011F47A /* CommentRouter.swift */ = {isa = PBXFileReference; lastKnownFileType = sourcecode.swift; path = CommentRouter.swift; sourceTree = "<group>"; };
		15B581E8239CECF30011F47A /* CommentModels.swift */ = {isa = PBXFileReference; lastKnownFileType = sourcecode.swift; path = CommentModels.swift; sourceTree = "<group>"; };
		15B581E9239CECF30011F47A /* CommentViewController.swift */ = {isa = PBXFileReference; lastKnownFileType = sourcecode.swift; path = CommentViewController.swift; sourceTree = "<group>"; };
		15B581EA239CECF30011F47A /* CommentInteractor.swift */ = {isa = PBXFileReference; lastKnownFileType = sourcecode.swift; path = CommentInteractor.swift; sourceTree = "<group>"; };
		15B581F1239D02BF0011F47A /* CommentCell.swift */ = {isa = PBXFileReference; lastKnownFileType = sourcecode.swift; path = CommentCell.swift; sourceTree = "<group>"; };
/* End PBXFileReference section */

/* Begin PBXFrameworksBuildPhase section */
		15B581B0239C909D0011F47A /* Frameworks */ = {
			isa = PBXFrameworksBuildPhase;
			buildActionMask = 2147483647;
			files = (
			);
			runOnlyForDeploymentPostprocessing = 0;
		};
/* End PBXFrameworksBuildPhase section */

/* Begin PBXGroup section */
		15B581AA239C909D0011F47A = {
			isa = PBXGroup;
			children = (
				15B581B5239C909D0011F47A /* CleanPosts */,
				15B581B4239C909D0011F47A /* Products */,
			);
			sourceTree = "<group>";
		};
		15B581B4239C909D0011F47A /* Products */ = {
			isa = PBXGroup;
			children = (
				15B581B3239C909D0011F47A /* CleanPosts.app */,
			);
			name = Products;
			sourceTree = "<group>";
		};
		15B581B5239C909D0011F47A /* CleanPosts */ = {
			isa = PBXGroup;
			children = (
				15B581E2239C9BF50011F47A /* Subviews */,
				15B581DA239C96A20011F47A /* Network */,
				15B581CB239C928B0011F47A /* Scenes */,
				15B581CA239C91A50011F47A /* Storiesboard */,
				15B581B6239C909D0011F47A /* AppDelegate.swift */,
				15B581B8239C909D0011F47A /* SceneDelegate.swift */,
				15B581BA239C909D0011F47A /* ViewController.swift */,
				15B581BF239C90A10011F47A /* Assets.xcassets */,
				15B581C1239C90A10011F47A /* LaunchScreen.storyboard */,
				15B581C4239C90A10011F47A /* Info.plist */,
			);
			path = CleanPosts;
			sourceTree = "<group>";
		};
		15B581CA239C91A50011F47A /* Storiesboard */ = {
			isa = PBXGroup;
			children = (
				15B581BC239C909D0011F47A /* Main.storyboard */,
			);
			path = Storiesboard;
			sourceTree = "<group>";
		};
		15B581CB239C928B0011F47A /* Scenes */ = {
			isa = PBXGroup;
			children = (
				15B581CD239C92CA0011F47A /* Comment */,
				15B581CC239C92B30011F47A /* Post */,
			);
			path = Scenes;
			sourceTree = "<group>";
		};
		15B581CC239C92B30011F47A /* Post */ = {
			isa = PBXGroup;
			children = (
				15B581CE239C936D0011F47A /* PostPresenter.swift */,
				15B581CF239C936D0011F47A /* PostWorker.swift */,
				15B581D0239C936D0011F47A /* PostRouter.swift */,
				15B581D1239C936D0011F47A /* PostModels.swift */,
				15B581D2239C936D0011F47A /* PostViewController.swift */,
				15B581D3239C936D0011F47A /* PostInteractor.swift */,
			);
			path = Post;
			sourceTree = "<group>";
		};
		15B581CD239C92CA0011F47A /* Comment */ = {
			isa = PBXGroup;
			children = (
				15B581E5239CECF30011F47A /* CommentPresenter.swift */,
				15B581E6239CECF30011F47A /* CommentWorker.swift */,
				15B581E7239CECF30011F47A /* CommentRouter.swift */,
				15B581E8239CECF30011F47A /* CommentModels.swift */,
				15B581E9239CECF30011F47A /* CommentViewController.swift */,
				15B581EA239CECF30011F47A /* CommentInteractor.swift */,
			);
			path = Comment;
			sourceTree = "<group>";
		};
		15B581DA239C96A20011F47A /* Network */ = {
			isa = PBXGroup;
			children = (
				15B581DB239C96A20011F47A /* NetworkManager.swift */,
				15B581DC239C96A20011F47A /* Model */,
			);
			path = Network;
			sourceTree = "<group>";
		};
		15B581DC239C96A20011F47A /* Model */ = {
			isa = PBXGroup;
			children = (
				15B581DD239C96A20011F47A /* Comment.swift */,
				15B581DE239C96A20011F47A /* Post.swift */,
			);
			path = Model;
			sourceTree = "<group>";
		};
		15B581E2239C9BF50011F47A /* Subviews */ = {
			isa = PBXGroup;
			children = (
				15B581E3239C9C200011F47A /* PostCell.swift */,
				15B581F1239D02BF0011F47A /* CommentCell.swift */,
			);
			path = Subviews;
			sourceTree = "<group>";
		};
/* End PBXGroup section */

/* Begin PBXNativeTarget section */
		15B581B2239C909D0011F47A /* CleanPosts */ = {
			isa = PBXNativeTarget;
			buildConfigurationList = 15B581C7239C90A10011F47A /* Build configuration list for PBXNativeTarget "CleanPosts" */;
			buildPhases = (
				15B581AF239C909D0011F47A /* Sources */,
				15B581B0239C909D0011F47A /* Frameworks */,
				15B581B1239C909D0011F47A /* Resources */,
			);
			buildRules = (
			);
			dependencies = (
			);
			name = CleanPosts;
			productName = CleanPosts;
			productReference = 15B581B3239C909D0011F47A /* CleanPosts.app */;
			productType = "com.apple.product-type.application";
		};
/* End PBXNativeTarget section */

/* Begin PBXProject section */
		15B581AB239C909D0011F47A /* Project object */ = {
			isa = PBXProject;
			attributes = {
				LastSwiftUpdateCheck = 1120;
				LastUpgradeCheck = 1120;
				ORGANIZATIONNAME = "Francis Velueta";
				TargetAttributes = {
					15B581B2239C909D0011F47A = {
						CreatedOnToolsVersion = 11.2.1;
					};
				};
			};
			buildConfigurationList = 15B581AE239C909D0011F47A /* Build configuration list for PBXProject "CleanPosts" */;
			compatibilityVersion = "Xcode 9.3";
			developmentRegion = en;
			hasScannedForEncodings = 0;
			knownRegions = (
				en,
				Base,
			);
			mainGroup = 15B581AA239C909D0011F47A;
			productRefGroup = 15B581B4239C909D0011F47A /* Products */;
			projectDirPath = "";
			projectRoot = "";
			targets = (
				15B581B2239C909D0011F47A /* CleanPosts */,
			);
		};
/* End PBXProject section */

/* Begin PBXResourcesBuildPhase section */
		15B581B1239C909D0011F47A /* Resources */ = {
			isa = PBXResourcesBuildPhase;
			buildActionMask = 2147483647;
			files = (
				15B581C3239C90A10011F47A /* LaunchScreen.storyboard in Resources */,
				15B581C0239C90A10011F47A /* Assets.xcassets in Resources */,
				15B581BE239C909D0011F47A /* Main.storyboard in Resources */,
			);
			runOnlyForDeploymentPostprocessing = 0;
		};
/* End PBXResourcesBuildPhase section */

/* Begin PBXSourcesBuildPhase section */
		15B581AF239C909D0011F47A /* Sources */ = {
			isa = PBXSourcesBuildPhase;
			buildActionMask = 2147483647;
			files = (
				15B581D8239C936D0011F47A /* PostViewController.swift in Sources */,
				15B581D7239C936D0011F47A /* PostModels.swift in Sources */,
				15B581ED239CECF30011F47A /* CommentRouter.swift in Sources */,
				15B581E4239C9C200011F47A /* PostCell.swift in Sources */,
				15B581F0239CECF30011F47A /* CommentInteractor.swift in Sources */,
				15B581EE239CECF30011F47A /* CommentModels.swift in Sources */,
				15B581DF239C96A20011F47A /* NetworkManager.swift in Sources */,
				15B581EB239CECF30011F47A /* CommentPresenter.swift in Sources */,
				15B581E1239C96A20011F47A /* Post.swift in Sources */,
				15B581EF239CECF30011F47A /* CommentViewController.swift in Sources */,
				15B581D4239C936D0011F47A /* PostPresenter.swift in Sources */,
				15B581BB239C909D0011F47A /* ViewController.swift in Sources */,
				15B581D5239C936D0011F47A /* PostWorker.swift in Sources */,
				15B581B7239C909D0011F47A /* AppDelegate.swift in Sources */,
				15B581EC239CECF30011F47A /* CommentWorker.swift in Sources */,
				15B581F2239D02BF0011F47A /* CommentCell.swift in Sources */,
				15B581D9239C936D0011F47A /* PostInteractor.swift in Sources */,
				15B581D6239C936D0011F47A /* PostRouter.swift in Sources */,
				15B581E0239C96A20011F47A /* Comment.swift in Sources */,
				15B581B9239C909D0011F47A /* SceneDelegate.swift in Sources */,
			);
			runOnlyForDeploymentPostprocessing = 0;
		};
/* End PBXSourcesBuildPhase section */

/* Begin PBXVariantGroup section */
		15B581BC239C909D0011F47A /* Main.storyboard */ = {
			isa = PBXVariantGroup;
			children = (
				15B581BD239C909D0011F47A /* Base */,
			);
			name = Main.storyboard;
			sourceTree = "<group>";
		};
		15B581C1239C90A10011F47A /* LaunchScreen.storyboard */ = {
			isa = PBXVariantGroup;
			children = (
				15B581C2239C90A10011F47A /* Base */,
			);
			name = LaunchScreen.storyboard;
			sourceTree = "<group>";
		};
/* End PBXVariantGroup section */

/* Begin XCBuildConfiguration section */
		15B581C5239C90A10011F47A /* Debug */ = {
			isa = XCBuildConfiguration;
			buildSettings = {
				ALWAYS_SEARCH_USER_PATHS = NO;
				CLANG_ANALYZER_NONNULL = YES;
				CLANG_ANALYZER_NUMBER_OBJECT_CONVERSION = YES_AGGRESSIVE;
				CLANG_CXX_LANGUAGE_STANDARD = "gnu++14";
				CLANG_CXX_LIBRARY = "libc++";
				CLANG_ENABLE_MODULES = YES;
				CLANG_ENABLE_OBJC_ARC = YES;
				CLANG_ENABLE_OBJC_WEAK = YES;
				CLANG_WARN_BLOCK_CAPTURE_AUTORELEASING = YES;
				CLANG_WARN_BOOL_CONVERSION = YES;
				CLANG_WARN_COMMA = YES;
				CLANG_WARN_CONSTANT_CONVERSION = YES;
				CLANG_WARN_DEPRECATED_OBJC_IMPLEMENTATIONS = YES;
				CLANG_WARN_DIRECT_OBJC_ISA_USAGE = YES_ERROR;
				CLANG_WARN_DOCUMENTATION_COMMENTS = YES;
				CLANG_WARN_EMPTY_BODY = YES;
				CLANG_WARN_ENUM_CONVERSION = YES;
				CLANG_WARN_INFINITE_RECURSION = YES;
				CLANG_WARN_INT_CONVERSION = YES;
				CLANG_WARN_NON_LITERAL_NULL_CONVERSION = YES;
				CLANG_WARN_OBJC_IMPLICIT_RETAIN_SELF = YES;
				CLANG_WARN_OBJC_LITERAL_CONVERSION = YES;
				CLANG_WARN_OBJC_ROOT_CLASS = YES_ERROR;
				CLANG_WARN_RANGE_LOOP_ANALYSIS = YES;
				CLANG_WARN_STRICT_PROTOTYPES = YES;
				CLANG_WARN_SUSPICIOUS_MOVE = YES;
				CLANG_WARN_UNGUARDED_AVAILABILITY = YES_AGGRESSIVE;
				CLANG_WARN_UNREACHABLE_CODE = YES;
				CLANG_WARN__DUPLICATE_METHOD_MATCH = YES;
				COPY_PHASE_STRIP = NO;
				DEBUG_INFORMATION_FORMAT = dwarf;
				ENABLE_STRICT_OBJC_MSGSEND = YES;
				ENABLE_TESTABILITY = YES;
				GCC_C_LANGUAGE_STANDARD = gnu11;
				GCC_DYNAMIC_NO_PIC = NO;
				GCC_NO_COMMON_BLOCKS = YES;
				GCC_OPTIMIZATION_LEVEL = 0;
				GCC_PREPROCESSOR_DEFINITIONS = (
					"DEBUG=1",
					"$(inherited)",
				);
				GCC_WARN_64_TO_32_BIT_CONVERSION = YES;
				GCC_WARN_ABOUT_RETURN_TYPE = YES_ERROR;
				GCC_WARN_UNDECLARED_SELECTOR = YES;
				GCC_WARN_UNINITIALIZED_AUTOS = YES_AGGRESSIVE;
				GCC_WARN_UNUSED_FUNCTION = YES;
				GCC_WARN_UNUSED_VARIABLE = YES;
				IPHONEOS_DEPLOYMENT_TARGET = 13.2;
				MTL_ENABLE_DEBUG_INFO = INCLUDE_SOURCE;
				MTL_FAST_MATH = YES;
				ONLY_ACTIVE_ARCH = YES;
				SDKROOT = iphoneos;
				SWIFT_ACTIVE_COMPILATION_CONDITIONS = DEBUG;
				SWIFT_OPTIMIZATION_LEVEL = "-Onone";
			};
			name = Debug;
		};
		15B581C6239C90A10011F47A /* Release */ = {
			isa = XCBuildConfiguration;
			buildSettings = {
				ALWAYS_SEARCH_USER_PATHS = NO;
				CLANG_ANALYZER_NONNULL = YES;
				CLANG_ANALYZER_NUMBER_OBJECT_CONVERSION = YES_AGGRESSIVE;
				CLANG_CXX_LANGUAGE_STANDARD = "gnu++14";
				CLANG_CXX_LIBRARY = "libc++";
				CLANG_ENABLE_MODULES = YES;
				CLANG_ENABLE_OBJC_ARC = YES;
				CLANG_ENABLE_OBJC_WEAK = YES;
				CLANG_WARN_BLOCK_CAPTURE_AUTORELEASING = YES;
				CLANG_WARN_BOOL_CONVERSION = YES;
				CLANG_WARN_COMMA = YES;
				CLANG_WARN_CONSTANT_CONVERSION = YES;
				CLANG_WARN_DEPRECATED_OBJC_IMPLEMENTATIONS = YES;
				CLANG_WARN_DIRECT_OBJC_ISA_USAGE = YES_ERROR;
				CLANG_WARN_DOCUMENTATION_COMMENTS = YES;
				CLANG_WARN_EMPTY_BODY = YES;
				CLANG_WARN_ENUM_CONVERSION = YES;
				CLANG_WARN_INFINITE_RECURSION = YES;
				CLANG_WARN_INT_CONVERSION = YES;
				CLANG_WARN_NON_LITERAL_NULL_CONVERSION = YES;
				CLANG_WARN_OBJC_IMPLICIT_RETAIN_SELF = YES;
				CLANG_WARN_OBJC_LITERAL_CONVERSION = YES;
				CLANG_WARN_OBJC_ROOT_CLASS = YES_ERROR;
				CLANG_WARN_RANGE_LOOP_ANALYSIS = YES;
				CLANG_WARN_STRICT_PROTOTYPES = YES;
				CLANG_WARN_SUSPICIOUS_MOVE = YES;
				CLANG_WARN_UNGUARDED_AVAILABILITY = YES_AGGRESSIVE;
				CLANG_WARN_UNREACHABLE_CODE = YES;
				CLANG_WARN__DUPLICATE_METHOD_MATCH = YES;
				COPY_PHASE_STRIP = NO;
				DEBUG_INFORMATION_FORMAT = "dwarf-with-dsym";
				ENABLE_NS_ASSERTIONS = NO;
				ENABLE_STRICT_OBJC_MSGSEND = YES;
				GCC_C_LANGUAGE_STANDARD = gnu11;
				GCC_NO_COMMON_BLOCKS = YES;
				GCC_WARN_64_TO_32_BIT_CONVERSION = YES;
				GCC_WARN_ABOUT_RETURN_TYPE = YES_ERROR;
				GCC_WARN_UNDECLARED_SELECTOR = YES;
				GCC_WARN_UNINITIALIZED_AUTOS = YES_AGGRESSIVE;
				GCC_WARN_UNUSED_FUNCTION = YES;
				GCC_WARN_UNUSED_VARIABLE = YES;
				IPHONEOS_DEPLOYMENT_TARGET = 13.2;
				MTL_ENABLE_DEBUG_INFO = NO;
				MTL_FAST_MATH = YES;
				SDKROOT = iphoneos;
				SWIFT_COMPILATION_MODE = wholemodule;
				SWIFT_OPTIMIZATION_LEVEL = "-O";
				VALIDATE_PRODUCT = YES;
			};
			name = Release;
		};
		15B581C8239C90A10011F47A /* Debug */ = {
			isa = XCBuildConfiguration;
			buildSettings = {
				ASSETCATALOG_COMPILER_APPICON_NAME = AppIcon;
				CODE_SIGN_STYLE = Automatic;
				INFOPLIST_FILE = CleanPosts/Info.plist;
				LD_RUNPATH_SEARCH_PATHS = (
					"$(inherited)",
					"@executable_path/Frameworks",
				);
				PRODUCT_BUNDLE_IDENTIFIER = Codiga.CleanPosts;
				PRODUCT_NAME = "$(TARGET_NAME)";
				SWIFT_VERSION = 5.0;
				TARGETED_DEVICE_FAMILY = "1,2";
			};
			name = Debug;
		};
		15B581C9239C90A10011F47A /* Release */ = {
			isa = XCBuildConfiguration;
			buildSettings = {
				ASSETCATALOG_COMPILER_APPICON_NAME = AppIcon;
				CODE_SIGN_STYLE = Automatic;
				INFOPLIST_FILE = CleanPosts/Info.plist;
				LD_RUNPATH_SEARCH_PATHS = (
					"$(inherited)",
					"@executable_path/Frameworks",
				);
				PRODUCT_BUNDLE_IDENTIFIER = Codiga.CleanPosts;
				PRODUCT_NAME = "$(TARGET_NAME)";
				SWIFT_VERSION = 5.0;
				TARGETED_DEVICE_FAMILY = "1,2";
			};
			name = Release;
		};
/* End XCBuildConfiguration section */

/* Begin XCConfigurationList section */
		15B581AE239C909D0011F47A /* Build configuration list for PBXProject "CleanPosts" */ = {
			isa = XCConfigurationList;
			buildConfigurations = (
				15B581C5239C90A10011F47A /* Debug */,
				15B581C6239C90A10011F47A /* Release */,
			);
			defaultConfigurationIsVisible = 0;
			defaultConfigurationName = Release;
		};
		15B581C7239C90A10011F47A /* Build configuration list for PBXNativeTarget "CleanPosts" */ = {
			isa = XCConfigurationList;
			buildConfigurations = (
				15B581C8239C90A10011F47A /* Debug */,
				15B581C9239C90A10011F47A /* Release */,
			);
			defaultConfigurationIsVisible = 0;
			defaultConfigurationName = Release;
		};
/* End XCConfigurationList section */
	};
	rootObject = 15B581AB239C909D0011F47A /* Project object */;
}
